
Microsoft Visual Studio Solution File, Format Version 12.00
# Visual Studio Version 17
VisualStudioVersion = 17.2.32505.173
MinimumVisualStudioVersion = 10.0.40219.1
Project("{9A19103F-16F7-4668-BE54-9A1E7A4F7556}") = "DiscussionService", "DiscussionService.csproj", "{A973EB5C-AC46-4A98-9E11-255B473D86FE}"
EndProject
Global
	GlobalSection(SolutionConfigurationPlatforms) = preSolution
		Debug|Any CPU = Debug|Any CPU
		Release|Any CPU = Release|Any CPU
	EndGlobalSection
	GlobalSection(ProjectConfigurationPlatforms) = postSolution
		{A973EB5C-AC46-4A98-9E11-255B473D86FE}.Debug|Any CPU.ActiveCfg = Debug|Any CPU
		{A973EB5C-AC46-4A98-9E11-255B473D86FE}.Debug|Any CPU.Build.0 = Debug|Any CPU
		{A973EB5C-AC46-4A98-9E11-255B473D86FE}.Release|Any CPU.ActiveCfg = Release|Any CPU
		{A973EB5C-AC46-4A98-9E11-255B473D86FE}.Release|Any CPU.Build.0 = Release|Any CPU
	EndGlobalSection
	GlobalSection(SolutionProperties) = preSolution
		HideSolutionNode = FALSE
	EndGlobalSection
	GlobalSection(ExtensibilityGlobals) = postSolution
		SolutionGuid = {3139493C-DEC2-4466-A6A9-64E63F59DC88}
	EndGlobalSection
EndGlobal
